
Microsoft Visual Studio Solution File, Format Version 12.00
# Visual Studio 15
VisualStudioVersion = 15.0.27703.2042
MinimumVisualStudioVersion = 10.0.40219.1
Project("{FAE04EC0-301F-11D3-BF4B-00C04F79EFBC}") = "Tl2SaveEdit", "tl2-save-edit\Tl2SaveEdit.csproj", "{2C0C8B32-C7BD-47D6-9C43-ED618AF43393}"
EndProject
Global
	GlobalSection(SolutionConfigurationPlatforms) = preSolution
		Debug|Any CPU = Debug|Any CPU
		Release|Any CPU = Release|Any CPU
	EndGlobalSection
	GlobalSection(ProjectConfigurationPlatforms) = postSolution
		{2C0C8B32-C7BD-47D6-9C43-ED618AF43393}.Debug|Any CPU.ActiveCfg = Debug|Any CPU
		{2C0C8B32-C7BD-47D6-9C43-ED618AF43393}.Debug|Any CPU.Build.0 = Debug|Any CPU
		{2C0C8B32-C7BD-47D6-9C43-ED618AF43393}.Release|Any CPU.ActiveCfg = Release|Any CPU
		{2C0C8B32-C7BD-47D6-9C43-ED618AF43393}.Release|Any CPU.Build.0 = Release|Any CPU
	EndGlobalSection
	GlobalSection(SolutionProperties) = preSolution
		HideSolutionNode = FALSE
	EndGlobalSection
	GlobalSection(ExtensibilityGlobals) = postSolution
		SolutionGuid = {85052168-DC3A-4C58-81B9-57C1973027CF}
	EndGlobalSection
EndGlobal
